
Microsoft Visual Studio Solution File, Format Version 12.00
# Visual Studio Version 17
VisualStudioVersion = 17.10.35027.167
MinimumVisualStudioVersion = 10.0.40219.1
Project("{FAE04EC0-301F-11D3-BF4B-00C04F79EFBC}") = "MunicipalityWebsite", "MunicipalityWebsite\MunicipalityWebsite.csproj", "{2F2DE4C7-1317-4DD5-B164-C5868FC14ABB}"
EndProject
Global
	GlobalSection(SolutionConfigurationPlatforms) = preSolution
		Debug|Any CPU = Debug|Any CPU
		Release|Any CPU = Release|Any CPU
	EndGlobalSection
	GlobalSection(ProjectConfigurationPlatforms) = postSolution
		{2F2DE4C7-1317-4DD5-B164-C5868FC14ABB}.Debug|Any CPU.ActiveCfg = Debug|Any CPU
		{2F2DE4C7-1317-4DD5-B164-C5868FC14ABB}.Debug|Any CPU.Build.0 = Debug|Any CPU
		{2F2DE4C7-1317-4DD5-B164-C5868FC14ABB}.Release|Any CPU.ActiveCfg = Release|Any CPU
		{2F2DE4C7-1317-4DD5-B164-C5868FC14ABB}.Release|Any CPU.Build.0 = Release|Any CPU
	EndGlobalSection
	GlobalSection(SolutionProperties) = preSolution
		HideSolutionNode = FALSE
	EndGlobalSection
	GlobalSection(ExtensibilityGlobals) = postSolution
		SolutionGuid = {3391FEC3-BC11-4432-A112-F95B88E62C11}
	EndGlobalSection
EndGlobal
